
Microsoft Visual Studio Solution File, Format Version 12.00
# Visual Studio Version 17
VisualStudioVersion = 17.0.31903.59
MinimumVisualStudioVersion = 10.0.40219.1
Project("{2150E333-8FDC-42A3-9474-1A3956D46DE8}") = "src", "src", "{F4D177F3-11A3-496D-BCD4-6250A9CD0195}"
EndProject
Project("{2150E333-8FDC-42A3-9474-1A3956D46DE8}") = "BuildingBlocks", "BuildingBlocks", "{DA0C780B-9AEE-4E25-9EF7-3008197BD16C}"
EndProject
Project("{FAE04EC0-301F-11D3-BF4B-00C04F79EFBC}") = "BuildingBlocks.Domain", "src\BuildingBlocks\Domain\BuildingBlocks.Domain.csproj", "{97CD6EFD-EF8B-4A30-908F-6A3890687A2C}"
EndProject
Project("{FAE04EC0-301F-11D3-BF4B-00C04F79EFBC}") = "BuildingBlocks.Infrastructure", "src\BuildingBlocks\Infrastructure\BuildingBlocks.Infrastructure.csproj", "{EED76ED6-75C0-42DE-9904-D51E23CCB795}"
EndProject
Project("{FAE04EC0-301F-11D3-BF4B-00C04F79EFBC}") = "BuildingBlocks.Messaging", "src\BuildingBlocks\Messaging\BuildingBlocks.Messaging.csproj", "{E669D34E-2BE1-43B3-9FD6-F2C69CEBAB34}"
EndProject
Project("{2150E333-8FDC-42A3-9474-1A3956D46DE8}") = "ServiceModules", "ServiceModules", "{B7249CEE-B9EA-4BDD-B7A5-2461F6703EFD}"
EndProject
Project("{FAE04EC0-301F-11D3-BF4B-00C04F79EFBC}") = "Order.Domain", "src\ServiceModules\Order.Domain\Order.Domain.csproj", "{49A28C6D-CC1F-4C24-9297-65B92FD72B9C}"
EndProject
Project("{FAE04EC0-301F-11D3-BF4B-00C04F79EFBC}") = "Order.Application", "src\ServiceModules\Order.Application\Order.Application.csproj", "{E7F40F9E-0F03-4E4E-825F-76761658EC04}"
EndProject
Project("{FAE04EC0-301F-11D3-BF4B-00C04F79EFBC}") = "Order.Infrastructure", "src\ServiceModules\Order.Infrastructure\Order.Infrastructure.csproj", "{13C16318-1743-4437-9116-CF5A9606F28C}"
EndProject
Project("{2150E333-8FDC-42A3-9474-1A3956D46DE8}") = "Services", "Services", "{01653B08-2D0A-426B-8E74-963F7D0D3AFB}"
EndProject
Project("{FAE04EC0-301F-11D3-BF4B-00C04F79EFBC}") = "Order.API", "src\Services\Order.API\Order.API.csproj", "{371F73BB-E8B0-42AD-8D52-C6D35F7A3C6A}"
EndProject
Project("{FAE04EC0-301F-11D3-BF4B-00C04F79EFBC}") = "Inventory.Domain", "src\ServiceModules\Inventory.Domain\Inventory.Domain.csproj", "{F00E1C0B-2432-4326-BB60-C953A610ED48}"
EndProject
Project("{FAE04EC0-301F-11D3-BF4B-00C04F79EFBC}") = "Inventory.Application", "src\ServiceModules\Inventory.Application\Inventory.Application.csproj", "{8E264874-9238-41DD-BF7A-99E933E01989}"
EndProject
Project("{FAE04EC0-301F-11D3-BF4B-00C04F79EFBC}") = "Inventory.Infrastructure", "src\ServiceModules\Inventory.Infrastructure\Inventory.Infrastructure.csproj", "{AD4B3974-3CBA-475A-AF08-DCD68D0734D8}"
EndProject
Project("{FAE04EC0-301F-11D3-BF4B-00C04F79EFBC}") = "Inventory.API", "src\Services\Inventory.API\Inventory.API.csproj", "{CDEB8873-2C57-46F3-9E80-556062B5EF31}"
EndProject
Project("{FAE04EC0-301F-11D3-BF4B-00C04F79EFBC}") = "Payment.Domain", "src\ServiceModules\Payment.Domain\Payment.Domain.csproj", "{A9CEF466-3925-4DA6-B051-E6A180676532}"
EndProject
Project("{FAE04EC0-301F-11D3-BF4B-00C04F79EFBC}") = "Payment.Application", "src\ServiceModules\Payment.Application\Payment.Application.csproj", "{E7854130-9DD9-4ADD-8B19-E3202D869434}"
EndProject
Project("{FAE04EC0-301F-11D3-BF4B-00C04F79EFBC}") = "Payment.Infrastructure", "src\ServiceModules\Payment.Infrastructure\Payment.Infrastructure.csproj", "{6A1BE1D7-DE0C-418D-BD62-FBF48C8C49C6}"
EndProject
Project("{FAE04EC0-301F-11D3-BF4B-00C04F79EFBC}") = "Payment.API", "src\Services\Payment.API\Payment.API.csproj", "{292CF8D7-5847-4C08-B8D4-4D6DC5AD26A9}"
EndProject
Project("{FAE04EC0-301F-11D3-BF4B-00C04F79EFBC}") = "BuildingBlocks.CQRS", "src\BuildingBlocks\CQRS\BuildingBlocks.CQRS.csproj", "{5E6C3391-A621-4590-8BE3-1CBF4060C251}"
EndProject
Project("{FAE04EC0-301F-11D3-BF4B-00C04F79EFBC}") = "BuildingBlocks.Exceptions", "src\BuildingBlocks\Exceptions\BuildingBlocks.Exceptions.csproj", "{0549329A-BF60-4C7A-BEE6-35DF8A9A1B73}"
EndProject
Project("{2150E333-8FDC-42A3-9474-1A3956D46DE8}") = "tests", "tests", "{F3C91A32-AE93-4782-896D-E54112F633BA}"
EndProject
Project("{2150E333-8FDC-42A3-9474-1A3956D46DE8}") = "Order", "Order", "{9C36DDF1-FE1F-4C29-9BD6-ABCB7000E703}"
EndProject
Project("{FAE04EC0-301F-11D3-BF4B-00C04F79EFBC}") = "Order.Commands.Tests", "tests\Order\Commands\Order.Commands.Tests.csproj", "{4318259E-487B-4FC4-982A-F412238E96FC}"
EndProject
Project("{FAE04EC0-301F-11D3-BF4B-00C04F79EFBC}") = "Order.Queries.Tests", "tests\Order\Queries\Order.Queries.Tests.csproj", "{44B81BDA-0FDE-4CC0-A649-29996416EB76}"
EndProject
Global
	GlobalSection(SolutionConfigurationPlatforms) = preSolution
		Debug|Any CPU = Debug|Any CPU
		Release|Any CPU = Release|Any CPU
	EndGlobalSection
	GlobalSection(ProjectConfigurationPlatforms) = postSolution
		{97CD6EFD-EF8B-4A30-908F-6A3890687A2C}.Debug|Any CPU.ActiveCfg = Debug|Any CPU
		{97CD6EFD-EF8B-4A30-908F-6A3890687A2C}.Debug|Any CPU.Build.0 = Debug|Any CPU
		{97CD6EFD-EF8B-4A30-908F-6A3890687A2C}.Release|Any CPU.ActiveCfg = Release|Any CPU
		{97CD6EFD-EF8B-4A30-908F-6A3890687A2C}.Release|Any CPU.Build.0 = Release|Any CPU
		{EED76ED6-75C0-42DE-9904-D51E23CCB795}.Debug|Any CPU.ActiveCfg = Debug|Any CPU
		{EED76ED6-75C0-42DE-9904-D51E23CCB795}.Debug|Any CPU.Build.0 = Debug|Any CPU
		{EED76ED6-75C0-42DE-9904-D51E23CCB795}.Release|Any CPU.ActiveCfg = Release|Any CPU
		{EED76ED6-75C0-42DE-9904-D51E23CCB795}.Release|Any CPU.Build.0 = Release|Any CPU
		{E669D34E-2BE1-43B3-9FD6-F2C69CEBAB34}.Debug|Any CPU.ActiveCfg = Debug|Any CPU
		{E669D34E-2BE1-43B3-9FD6-F2C69CEBAB34}.Debug|Any CPU.Build.0 = Debug|Any CPU
		{E669D34E-2BE1-43B3-9FD6-F2C69CEBAB34}.Release|Any CPU.ActiveCfg = Release|Any CPU
		{E669D34E-2BE1-43B3-9FD6-F2C69CEBAB34}.Release|Any CPU.Build.0 = Release|Any CPU
		{49A28C6D-CC1F-4C24-9297-65B92FD72B9C}.Debug|Any CPU.ActiveCfg = Debug|Any CPU
		{49A28C6D-CC1F-4C24-9297-65B92FD72B9C}.Debug|Any CPU.Build.0 = Debug|Any CPU
		{49A28C6D-CC1F-4C24-9297-65B92FD72B9C}.Release|Any CPU.ActiveCfg = Release|Any CPU
		{49A28C6D-CC1F-4C24-9297-65B92FD72B9C}.Release|Any CPU.Build.0 = Release|Any CPU
		{E7F40F9E-0F03-4E4E-825F-76761658EC04}.Debug|Any CPU.ActiveCfg = Debug|Any CPU
		{E7F40F9E-0F03-4E4E-825F-76761658EC04}.Debug|Any CPU.Build.0 = Debug|Any CPU
		{E7F40F9E-0F03-4E4E-825F-76761658EC04}.Release|Any CPU.ActiveCfg = Release|Any CPU
		{E7F40F9E-0F03-4E4E-825F-76761658EC04}.Release|Any CPU.Build.0 = Release|Any CPU
		{13C16318-1743-4437-9116-CF5A9606F28C}.Debug|Any CPU.ActiveCfg = Debug|Any CPU
		{13C16318-1743-4437-9116-CF5A9606F28C}.Debug|Any CPU.Build.0 = Debug|Any CPU
		{13C16318-1743-4437-9116-CF5A9606F28C}.Release|Any CPU.ActiveCfg = Release|Any CPU
		{13C16318-1743-4437-9116-CF5A9606F28C}.Release|Any CPU.Build.0 = Release|Any CPU
		{371F73BB-E8B0-42AD-8D52-C6D35F7A3C6A}.Debug|Any CPU.ActiveCfg = Debug|Any CPU
		{371F73BB-E8B0-42AD-8D52-C6D35F7A3C6A}.Debug|Any CPU.Build.0 = Debug|Any CPU
		{371F73BB-E8B0-42AD-8D52-C6D35F7A3C6A}.Release|Any CPU.ActiveCfg = Release|Any CPU
		{371F73BB-E8B0-42AD-8D52-C6D35F7A3C6A}.Release|Any CPU.Build.0 = Release|Any CPU
		{F00E1C0B-2432-4326-BB60-C953A610ED48}.Debug|Any CPU.ActiveCfg = Debug|Any CPU
		{F00E1C0B-2432-4326-BB60-C953A610ED48}.Debug|Any CPU.Build.0 = Debug|Any CPU
		{F00E1C0B-2432-4326-BB60-C953A610ED48}.Release|Any CPU.ActiveCfg = Release|Any CPU
		{F00E1C0B-2432-4326-BB60-C953A610ED48}.Release|Any CPU.Build.0 = Release|Any CPU
		{8E264874-9238-41DD-BF7A-99E933E01989}.Debug|Any CPU.ActiveCfg = Debug|Any CPU
		{8E264874-9238-41DD-BF7A-99E933E01989}.Debug|Any CPU.Build.0 = Debug|Any CPU
		{8E264874-9238-41DD-BF7A-99E933E01989}.Release|Any CPU.ActiveCfg = Release|Any CPU
		{8E264874-9238-41DD-BF7A-99E933E01989}.Release|Any CPU.Build.0 = Release|Any CPU
		{AD4B3974-3CBA-475A-AF08-DCD68D0734D8}.Debug|Any CPU.ActiveCfg = Debug|Any CPU
		{AD4B3974-3CBA-475A-AF08-DCD68D0734D8}.Debug|Any CPU.Build.0 = Debug|Any CPU
		{AD4B3974-3CBA-475A-AF08-DCD68D0734D8}.Release|Any CPU.ActiveCfg = Release|Any CPU
		{AD4B3974-3CBA-475A-AF08-DCD68D0734D8}.Release|Any CPU.Build.0 = Release|Any CPU
		{CDEB8873-2C57-46F3-9E80-556062B5EF31}.Debug|Any CPU.ActiveCfg = Debug|Any CPU
		{CDEB8873-2C57-46F3-9E80-556062B5EF31}.Debug|Any CPU.Build.0 = Debug|Any CPU
		{CDEB8873-2C57-46F3-9E80-556062B5EF31}.Release|Any CPU.ActiveCfg = Release|Any CPU
		{CDEB8873-2C57-46F3-9E80-556062B5EF31}.Release|Any CPU.Build.0 = Release|Any CPU
		{A9CEF466-3925-4DA6-B051-E6A180676532}.Debug|Any CPU.ActiveCfg = Debug|Any CPU
		{A9CEF466-3925-4DA6-B051-E6A180676532}.Debug|Any CPU.Build.0 = Debug|Any CPU
		{A9CEF466-3925-4DA6-B051-E6A180676532}.Release|Any CPU.ActiveCfg = Release|Any CPU
		{A9CEF466-3925-4DA6-B051-E6A180676532}.Release|Any CPU.Build.0 = Release|Any CPU
		{E7854130-9DD9-4ADD-8B19-E3202D869434}.Debug|Any CPU.ActiveCfg = Debug|Any CPU
		{E7854130-9DD9-4ADD-8B19-E3202D869434}.Debug|Any CPU.Build.0 = Debug|Any CPU
		{E7854130-9DD9-4ADD-8B19-E3202D869434}.Release|Any CPU.ActiveCfg = Release|Any CPU
		{E7854130-9DD9-4ADD-8B19-E3202D869434}.Release|Any CPU.Build.0 = Release|Any CPU
		{6A1BE1D7-DE0C-418D-BD62-FBF48C8C49C6}.Debug|Any CPU.ActiveCfg = Debug|Any CPU
		{6A1BE1D7-DE0C-418D-BD62-FBF48C8C49C6}.Debug|Any CPU.Build.0 = Debug|Any CPU
		{6A1BE1D7-DE0C-418D-BD62-FBF48C8C49C6}.Release|Any CPU.ActiveCfg = Release|Any CPU
		{6A1BE1D7-DE0C-418D-BD62-FBF48C8C49C6}.Release|Any CPU.Build.0 = Release|Any CPU
		{292CF8D7-5847-4C08-B8D4-4D6DC5AD26A9}.Debug|Any CPU.ActiveCfg = Debug|Any CPU
		{292CF8D7-5847-4C08-B8D4-4D6DC5AD26A9}.Debug|Any CPU.Build.0 = Debug|Any CPU
		{292CF8D7-5847-4C08-B8D4-4D6DC5AD26A9}.Release|Any CPU.ActiveCfg = Release|Any CPU
		{292CF8D7-5847-4C08-B8D4-4D6DC5AD26A9}.Release|Any CPU.Build.0 = Release|Any CPU
		{5E6C3391-A621-4590-8BE3-1CBF4060C251}.Debug|Any CPU.ActiveCfg = Debug|Any CPU
		{5E6C3391-A621-4590-8BE3-1CBF4060C251}.Debug|Any CPU.Build.0 = Debug|Any CPU
		{5E6C3391-A621-4590-8BE3-1CBF4060C251}.Release|Any CPU.ActiveCfg = Release|Any CPU
		{5E6C3391-A621-4590-8BE3-1CBF4060C251}.Release|Any CPU.Build.0 = Release|Any CPU
		{0549329A-BF60-4C7A-BEE6-35DF8A9A1B73}.Debug|Any CPU.ActiveCfg = Debug|Any CPU
		{0549329A-BF60-4C7A-BEE6-35DF8A9A1B73}.Debug|Any CPU.Build.0 = Debug|Any CPU
		{0549329A-BF60-4C7A-BEE6-35DF8A9A1B73}.Release|Any CPU.ActiveCfg = Release|Any CPU
		{0549329A-BF60-4C7A-BEE6-35DF8A9A1B73}.Release|Any CPU.Build.0 = Release|Any CPU
		{4318259E-487B-4FC4-982A-F412238E96FC}.Debug|Any CPU.ActiveCfg = Debug|Any CPU
		{4318259E-487B-4FC4-982A-F412238E96FC}.Debug|Any CPU.Build.0 = Debug|Any CPU
		{4318259E-487B-4FC4-982A-F412238E96FC}.Release|Any CPU.ActiveCfg = Release|Any CPU
		{4318259E-487B-4FC4-982A-F412238E96FC}.Release|Any CPU.Build.0 = Release|Any CPU
		{44B81BDA-0FDE-4CC0-A649-29996416EB76}.Debug|Any CPU.ActiveCfg = Debug|Any CPU
		{44B81BDA-0FDE-4CC0-A649-29996416EB76}.Debug|Any CPU.Build.0 = Debug|Any CPU
		{44B81BDA-0FDE-4CC0-A649-29996416EB76}.Release|Any CPU.ActiveCfg = Release|Any CPU
		{44B81BDA-0FDE-4CC0-A649-29996416EB76}.Release|Any CPU.Build.0 = Release|Any CPU
	EndGlobalSection
	GlobalSection(SolutionProperties) = preSolution
		HideSolutionNode = FALSE
	EndGlobalSection
	GlobalSection(NestedProjects) = preSolution
		{DA0C780B-9AEE-4E25-9EF7-3008197BD16C} = {F4D177F3-11A3-496D-BCD4-6250A9CD0195}
		{97CD6EFD-EF8B-4A30-908F-6A3890687A2C} = {DA0C780B-9AEE-4E25-9EF7-3008197BD16C}
		{EED76ED6-75C0-42DE-9904-D51E23CCB795} = {DA0C780B-9AEE-4E25-9EF7-3008197BD16C}
		{E669D34E-2BE1-43B3-9FD6-F2C69CEBAB34} = {DA0C780B-9AEE-4E25-9EF7-3008197BD16C}
		{B7249CEE-B9EA-4BDD-B7A5-2461F6703EFD} = {F4D177F3-11A3-496D-BCD4-6250A9CD0195}
		{49A28C6D-CC1F-4C24-9297-65B92FD72B9C} = {B7249CEE-B9EA-4BDD-B7A5-2461F6703EFD}
		{E7F40F9E-0F03-4E4E-825F-76761658EC04} = {B7249CEE-B9EA-4BDD-B7A5-2461F6703EFD}
		{13C16318-1743-4437-9116-CF5A9606F28C} = {B7249CEE-B9EA-4BDD-B7A5-2461F6703EFD}
		{01653B08-2D0A-426B-8E74-963F7D0D3AFB} = {F4D177F3-11A3-496D-BCD4-6250A9CD0195}
		{371F73BB-E8B0-42AD-8D52-C6D35F7A3C6A} = {01653B08-2D0A-426B-8E74-963F7D0D3AFB}
		{F00E1C0B-2432-4326-BB60-C953A610ED48} = {B7249CEE-B9EA-4BDD-B7A5-2461F6703EFD}
		{8E264874-9238-41DD-BF7A-99E933E01989} = {B7249CEE-B9EA-4BDD-B7A5-2461F6703EFD}
		{AD4B3974-3CBA-475A-AF08-DCD68D0734D8} = {B7249CEE-B9EA-4BDD-B7A5-2461F6703EFD}
		{CDEB8873-2C57-46F3-9E80-556062B5EF31} = {01653B08-2D0A-426B-8E74-963F7D0D3AFB}
		{A9CEF466-3925-4DA6-B051-E6A180676532} = {B7249CEE-B9EA-4BDD-B7A5-2461F6703EFD}
		{E7854130-9DD9-4ADD-8B19-E3202D869434} = {B7249CEE-B9EA-4BDD-B7A5-2461F6703EFD}
		{6A1BE1D7-DE0C-418D-BD62-FBF48C8C49C6} = {B7249CEE-B9EA-4BDD-B7A5-2461F6703EFD}
		{292CF8D7-5847-4C08-B8D4-4D6DC5AD26A9} = {01653B08-2D0A-426B-8E74-963F7D0D3AFB}
		{5E6C3391-A621-4590-8BE3-1CBF4060C251} = {DA0C780B-9AEE-4E25-9EF7-3008197BD16C}
		{0549329A-BF60-4C7A-BEE6-35DF8A9A1B73} = {DA0C780B-9AEE-4E25-9EF7-3008197BD16C}
		{9C36DDF1-FE1F-4C29-9BD6-ABCB7000E703} = {F3C91A32-AE93-4782-896D-E54112F633BA}
		{4318259E-487B-4FC4-982A-F412238E96FC} = {9C36DDF1-FE1F-4C29-9BD6-ABCB7000E703}
		{44B81BDA-0FDE-4CC0-A649-29996416EB76} = {9C36DDF1-FE1F-4C29-9BD6-ABCB7000E703}
	EndGlobalSection
EndGlobal
